
Microsoft Visual Studio Solution File, Format Version 12.00
# Visual Studio Version 17
VisualStudioVersion = 17.1.32407.343
MinimumVisualStudioVersion = 10.0.40219.1
Project("{FAE04EC0-301F-11D3-BF4B-00C04F79EFBC}") = "Level 24 - Catacombs of Class", "Level 24 - Catacombs of Class.csproj", "{6ECC4A17-2C21-4F15-A6B0-FE9775CB8526}"
EndProject
Global
	GlobalSection(SolutionConfigurationPlatforms) = preSolution
		Debug|Any CPU = Debug|Any CPU
		Release|Any CPU = Release|Any CPU
	EndGlobalSection
	GlobalSection(ProjectConfigurationPlatforms) = postSolution
		{6ECC4A17-2C21-4F15-A6B0-FE9775CB8526}.Debug|Any CPU.ActiveCfg = Debug|Any CPU
		{6ECC4A17-2C21-4F15-A6B0-FE9775CB8526}.Debug|Any CPU.Build.0 = Debug|Any CPU
		{6ECC4A17-2C21-4F15-A6B0-FE9775CB8526}.Release|Any CPU.ActiveCfg = Release|Any CPU
		{6ECC4A17-2C21-4F15-A6B0-FE9775CB8526}.Release|Any CPU.Build.0 = Release|Any CPU
	EndGlobalSection
	GlobalSection(SolutionProperties) = preSolution
		HideSolutionNode = FALSE
	EndGlobalSection
	GlobalSection(ExtensibilityGlobals) = postSolution
		SolutionGuid = {5C7258EA-E9CB-4F25-932C-0D0D5BFA9AFD}
	EndGlobalSection
EndGlobal
